
Microsoft Visual Studio Solution File, Format Version 12.00
# Visual Studio Version 16
VisualStudioVersion = 16.0.30717.126
MinimumVisualStudioVersion = 10.0.40219.1
Project("{FAE04EC0-301F-11D3-BF4B-00C04F79EFBC}") = "mytestgithub", "mytestgithub\mytestgithub.csproj", "{58C6BE90-3B08-4E41-AC3E-FA7A0817CF7D}"
EndProject
Global
	GlobalSection(SolutionConfigurationPlatforms) = preSolution
		Debug|Any CPU = Debug|Any CPU
		Release|Any CPU = Release|Any CPU
	EndGlobalSection
	GlobalSection(ProjectConfigurationPlatforms) = postSolution
		{58C6BE90-3B08-4E41-AC3E-FA7A0817CF7D}.Debug|Any CPU.ActiveCfg = Debug|Any CPU
		{58C6BE90-3B08-4E41-AC3E-FA7A0817CF7D}.Debug|Any CPU.Build.0 = Debug|Any CPU
		{58C6BE90-3B08-4E41-AC3E-FA7A0817CF7D}.Release|Any CPU.ActiveCfg = Release|Any CPU
		{58C6BE90-3B08-4E41-AC3E-FA7A0817CF7D}.Release|Any CPU.Build.0 = Release|Any CPU
	EndGlobalSection
	GlobalSection(SolutionProperties) = preSolution
		HideSolutionNode = FALSE
	EndGlobalSection
	GlobalSection(ExtensibilityGlobals) = postSolution
		SolutionGuid = {9EF64F52-4926-4168-B214-28E376EF0B36}
	EndGlobalSection
EndGlobal
